
Microsoft Visual Studio Solution File, Format Version 12.00
# Visual Studio Version 16
VisualStudioVersion = 16.0.29503.13
MinimumVisualStudioVersion = 10.0.40219.1
Project("{FAE04EC0-301F-11D3-BF4B-00C04F79EFBC}") = "Wifi.AutoVerwaltung", "Wifi.AutoVerwaltung.csproj", "{949A9B68-4DAC-40B3-A5CF-44F816D195F8}"
EndProject
Project("{FAE04EC0-301F-11D3-BF4B-00C04F79EFBC}") = "Wifi.Auto.Data", "..\Wifi.Auto.Data\Wifi.Auto.Data.csproj", "{CD1DA8C0-1099-49BE-A902-47C4AD79424F}"
EndProject
Global
	GlobalSection(SolutionConfigurationPlatforms) = preSolution
		Debug|Any CPU = Debug|Any CPU
		Release|Any CPU = Release|Any CPU
	EndGlobalSection
	GlobalSection(ProjectConfigurationPlatforms) = postSolution
		{949A9B68-4DAC-40B3-A5CF-44F816D195F8}.Debug|Any CPU.ActiveCfg = Debug|Any CPU
		{949A9B68-4DAC-40B3-A5CF-44F816D195F8}.Debug|Any CPU.Build.0 = Debug|Any CPU
		{949A9B68-4DAC-40B3-A5CF-44F816D195F8}.Release|Any CPU.ActiveCfg = Release|Any CPU
		{949A9B68-4DAC-40B3-A5CF-44F816D195F8}.Release|Any CPU.Build.0 = Release|Any CPU
		{CD1DA8C0-1099-49BE-A902-47C4AD79424F}.Debug|Any CPU.ActiveCfg = Debug|Any CPU
		{CD1DA8C0-1099-49BE-A902-47C4AD79424F}.Debug|Any CPU.Build.0 = Debug|Any CPU
		{CD1DA8C0-1099-49BE-A902-47C4AD79424F}.Release|Any CPU.ActiveCfg = Release|Any CPU
		{CD1DA8C0-1099-49BE-A902-47C4AD79424F}.Release|Any CPU.Build.0 = Release|Any CPU
	EndGlobalSection
	GlobalSection(SolutionProperties) = preSolution
		HideSolutionNode = FALSE
	EndGlobalSection
	GlobalSection(ExtensibilityGlobals) = postSolution
		SolutionGuid = {0468040E-45F5-4619-9830-3D744F202058}
	EndGlobalSection
EndGlobal
